{
    "_meta": {
        "hash": {
            "sha256": "a602369d17afed1a98cb002b422397c3b790e9371658c3aa11e65827d7e4d8b3"
        },
        "pipfile-spec": 6,
        "requires": {
            "python_version": "3.7"
        },
        "sources": [
            {
                "name": "pypi",
                "url": "https://pypi.org/simple",
                "verify_ssl": true
            }
        ]
    },
    "default": {
        "loguru": {
            "hashes": [
                "sha256:b28e72ac7a98be3d28ad28570299a393dfcd32e5e3f6a353dec94675767b6319",
                "sha256:f8087ac396b5ee5f67c963b495d615ebbceac2796379599820e324419d53667c"
            ],
            "index": "pypi",
            "version": "==0.5.3"
        },
        "py4j": {
            "hashes": [
                "sha256:36ec57f43ff8ced260a18aa9a4e46c3500a730cac8860e259cbaa546c2b9db2f",
                "sha256:859ba728a7bb43e9c2bf058832759fb97a598bb28cc12f34f5fc4abdec08ede6"
            ],
            "version": "==0.10.9"
        },
        "pyspark": {
            "hashes": [
                "sha256:8c6e5cc51d91eb8d43e81d0b7093292b5e144ac81445491d5f887d2cf4fe121f"
            ],
            "index": "pypi",
            "version": "==3.0.0"
        },
        "pyspark-stubs": {
            "hashes": [
                "sha256:7157ad2f814b11dbc5173675a4c7b9918dc1d49c7e9ca1a6cf42ccfb70925031",
                "sha256:b5eff158a1ecb50b3e80beab7227b56b394499b4e8a75d51f834774dad07da3b"
            ],
            "index": "pypi",
            "version": "==3.0.0.dev8"
        }
    },
    "develop": {}
}
